{
  "name": "TaggerforEagle",
  "lockfileVersion": 3,
  "requires": true,
  "packages": {
    "": {
      "dependencies": {
        "exifreader": "^4.12.0",
        "python-shell": "^5.0.0"
      }
    },
    "node_modules/@xmldom/xmldom": {
      "version": "0.7.10",
      "resolved": "https://registry.npmjs.org/@xmldom/xmldom/-/xmldom-0.7.10.tgz",
      "integrity": "sha512-hb9QhOg5MGmpVkFcoZ9XJMe1em5gd0e2eqqjK87O1dwULedXsnY/Zg/Ju6lcohA+t6jVkmKpe7I1etqhvdRdrQ==",
      "optional": true,
      "engines": {
        "node": ">=10.0.0"
      }
    },
    "node_modules/exifreader": {
      "version": "4.12.0",
      "resolved": "https://registry.npmjs.org/exifreader/-/exifreader-4.12.0.tgz",
      "integrity": "sha512-aRSmNyw2c6f6qPK4jmC56W/5XePDN7LVwt8tQjgMchxoY3MCxqEToegirKdS7A3CYCWAOPehfypMZWGWxtLhzw==",
      "hasInstallScript": true,
      "optionalDependencies": {
        "@xmldom/xmldom": "^0.7.8"
      }
    },
    "node_modules/python-shell": {
      "version": "5.0.0",
      "resolved": "https://registry.npmjs.org/python-shell/-/python-shell-5.0.0.tgz",
      "integrity": "sha512-RUOOOjHLhgR1MIQrCtnEqz/HJ1RMZBIN+REnpSUrfft2bXqXy69fwJASVziWExfFXsR1bCY0TznnHooNsCo0/w==",
      "engines": {
        "node": ">=0.10"
      }
    }
  }
}
